
Microsoft Visual Studio Solution File, Format Version 12.00
# Visual Studio Version 16
VisualStudioVersion = 16.0.30413.136
MinimumVisualStudioVersion = 10.0.40219.1
Project("{FAE04EC0-301F-11D3-BF4B-00C04F79EFBC}") = "StudentDatabase_Final", "StudentDatabase_Final.csproj", "{440B3E22-B39A-412A-AC86-17C0D43B63D6}"
EndProject
Global
	GlobalSection(SolutionConfigurationPlatforms) = preSolution
		Debug|Any CPU = Debug|Any CPU
		Release|Any CPU = Release|Any CPU
	EndGlobalSection
	GlobalSection(ProjectConfigurationPlatforms) = postSolution
		{440B3E22-B39A-412A-AC86-17C0D43B63D6}.Debug|Any CPU.ActiveCfg = Debug|Any CPU
		{440B3E22-B39A-412A-AC86-17C0D43B63D6}.Debug|Any CPU.Build.0 = Debug|Any CPU
		{440B3E22-B39A-412A-AC86-17C0D43B63D6}.Release|Any CPU.ActiveCfg = Release|Any CPU
		{440B3E22-B39A-412A-AC86-17C0D43B63D6}.Release|Any CPU.Build.0 = Release|Any CPU
	EndGlobalSection
	GlobalSection(SolutionProperties) = preSolution
		HideSolutionNode = FALSE
	EndGlobalSection
	GlobalSection(ExtensibilityGlobals) = postSolution
		SolutionGuid = {C782C7BB-194E-4AA2-AE5E-61B6C535252C}
	EndGlobalSection
EndGlobal
