
Microsoft Visual Studio Solution File, Format Version 12.00
# Visual Studio Version 16
VisualStudioVersion = 16.0.30413.136
MinimumVisualStudioVersion = 10.0.40219.1
Project("{FAE04EC0-301F-11D3-BF4B-00C04F79EFBC}") = "myConsoleProject.cs", "myConsoleProject.cs\myConsoleProject.cs.csproj", "{3AB1DA87-B6F1-49A7-9D22-2E4A2C6189F5}"
EndProject
Global
	GlobalSection(SolutionConfigurationPlatforms) = preSolution
		Debug|Any CPU = Debug|Any CPU
		Release|Any CPU = Release|Any CPU
	EndGlobalSection
	GlobalSection(ProjectConfigurationPlatforms) = postSolution
		{3AB1DA87-B6F1-49A7-9D22-2E4A2C6189F5}.Debug|Any CPU.ActiveCfg = Debug|Any CPU
		{3AB1DA87-B6F1-49A7-9D22-2E4A2C6189F5}.Debug|Any CPU.Build.0 = Debug|Any CPU
		{3AB1DA87-B6F1-49A7-9D22-2E4A2C6189F5}.Release|Any CPU.ActiveCfg = Release|Any CPU
		{3AB1DA87-B6F1-49A7-9D22-2E4A2C6189F5}.Release|Any CPU.Build.0 = Release|Any CPU
	EndGlobalSection
	GlobalSection(SolutionProperties) = preSolution
		HideSolutionNode = FALSE
	EndGlobalSection
	GlobalSection(ExtensibilityGlobals) = postSolution
		SolutionGuid = {F0A671DA-3826-4038-9BA5-D95ED0B046F3}
	EndGlobalSection
EndGlobal
