
Microsoft Visual Studio Solution File, Format Version 12.00
# Visual Studio Version 16
VisualStudioVersion = 16.0.30413.136
MinimumVisualStudioVersion = 10.0.40219.1
Project("{FAE04EC0-301F-11D3-BF4B-00C04F79EFBC}") = "VariablesAndDataTypes", "VariablesAndDataTypes\VariablesAndDataTypes.csproj", "{01884BD3-8A72-4ED8-AEA2-6BF8EF41BCE5}"
EndProject
Global
	GlobalSection(SolutionConfigurationPlatforms) = preSolution
		Debug|Any CPU = Debug|Any CPU
		Release|Any CPU = Release|Any CPU
	EndGlobalSection
	GlobalSection(ProjectConfigurationPlatforms) = postSolution
		{01884BD3-8A72-4ED8-AEA2-6BF8EF41BCE5}.Debug|Any CPU.ActiveCfg = Debug|Any CPU
		{01884BD3-8A72-4ED8-AEA2-6BF8EF41BCE5}.Debug|Any CPU.Build.0 = Debug|Any CPU
		{01884BD3-8A72-4ED8-AEA2-6BF8EF41BCE5}.Release|Any CPU.ActiveCfg = Release|Any CPU
		{01884BD3-8A72-4ED8-AEA2-6BF8EF41BCE5}.Release|Any CPU.Build.0 = Release|Any CPU
	EndGlobalSection
	GlobalSection(SolutionProperties) = preSolution
		HideSolutionNode = FALSE
	EndGlobalSection
	GlobalSection(ExtensibilityGlobals) = postSolution
		SolutionGuid = {69A3CD87-FE20-4413-B3BB-97A6A27BB854}
	EndGlobalSection
EndGlobal
