
Microsoft Visual Studio Solution File, Format Version 12.00
# Visual Studio Version 16
VisualStudioVersion = 16.0.30413.136
MinimumVisualStudioVersion = 10.0.40219.1
Project("{FAE04EC0-301F-11D3-BF4B-00C04F79EFBC}") = "DateTime_Core_App", "DateTime_Core_App.csproj", "{2333ECB6-EEB4-483E-BF99-11F0114CA0CB}"
EndProject
Global
	GlobalSection(SolutionConfigurationPlatforms) = preSolution
		Debug|Any CPU = Debug|Any CPU
		Release|Any CPU = Release|Any CPU
	EndGlobalSection
	GlobalSection(ProjectConfigurationPlatforms) = postSolution
		{2333ECB6-EEB4-483E-BF99-11F0114CA0CB}.Debug|Any CPU.ActiveCfg = Debug|Any CPU
		{2333ECB6-EEB4-483E-BF99-11F0114CA0CB}.Debug|Any CPU.Build.0 = Debug|Any CPU
		{2333ECB6-EEB4-483E-BF99-11F0114CA0CB}.Release|Any CPU.ActiveCfg = Release|Any CPU
		{2333ECB6-EEB4-483E-BF99-11F0114CA0CB}.Release|Any CPU.Build.0 = Release|Any CPU
	EndGlobalSection
	GlobalSection(SolutionProperties) = preSolution
		HideSolutionNode = FALSE
	EndGlobalSection
	GlobalSection(ExtensibilityGlobals) = postSolution
		SolutionGuid = {20175306-CA7A-420D-B3E8-E995E217FC77}
	EndGlobalSection
EndGlobal
