
Microsoft Visual Studio Solution File, Format Version 12.00
# Visual Studio Version 16
VisualStudioVersion = 16.0.30413.136
MinimumVisualStudioVersion = 10.0.40219.1
Project("{FAE04EC0-301F-11D3-BF4B-00C04F79EFBC}") = "Void_Output_Params", "Void_Output_Params.csproj", "{D181BD32-7597-4208-BADF-3AF32D28A7BE}"
EndProject
Global
	GlobalSection(SolutionConfigurationPlatforms) = preSolution
		Debug|Any CPU = Debug|Any CPU
		Release|Any CPU = Release|Any CPU
	EndGlobalSection
	GlobalSection(ProjectConfigurationPlatforms) = postSolution
		{D181BD32-7597-4208-BADF-3AF32D28A7BE}.Debug|Any CPU.ActiveCfg = Debug|Any CPU
		{D181BD32-7597-4208-BADF-3AF32D28A7BE}.Debug|Any CPU.Build.0 = Debug|Any CPU
		{D181BD32-7597-4208-BADF-3AF32D28A7BE}.Release|Any CPU.ActiveCfg = Release|Any CPU
		{D181BD32-7597-4208-BADF-3AF32D28A7BE}.Release|Any CPU.Build.0 = Release|Any CPU
	EndGlobalSection
	GlobalSection(SolutionProperties) = preSolution
		HideSolutionNode = FALSE
	EndGlobalSection
	GlobalSection(ExtensibilityGlobals) = postSolution
		SolutionGuid = {98BD0705-B270-4829-BF3E-8C999AD14014}
	EndGlobalSection
EndGlobal
